
Microsoft Visual Studio Solution File, Format Version 12.00
# Visual Studio 14
VisualStudioVersion = 14.0.24720.0
MinimumVisualStudioVersion = 10.0.40219.1
Project("{FAE04EC0-301F-11D3-BF4B-00C04F79EFBC}") = "GreatAdventure", "GreatAdventure\GreatAdventure.csproj", "{AF210419-218D-4828-937C-8D6F0650D545}"
EndProject
Project("{FAE04EC0-301F-11D3-BF4B-00C04F79EFBC}") = "Engine", "Engine\Engine.csproj", "{71BCEC6D-3902-4A01-B703-FD8D40C4DE7D}"
EndProject
Global
	GlobalSection(SolutionConfigurationPlatforms) = preSolution
		Debug|Any CPU = Debug|Any CPU
		Release|Any CPU = Release|Any CPU
	EndGlobalSection
	GlobalSection(ProjectConfigurationPlatforms) = postSolution
		{AF210419-218D-4828-937C-8D6F0650D545}.Debug|Any CPU.ActiveCfg = Debug|Any CPU
		{AF210419-218D-4828-937C-8D6F0650D545}.Debug|Any CPU.Build.0 = Debug|Any CPU
		{AF210419-218D-4828-937C-8D6F0650D545}.Release|Any CPU.ActiveCfg = Release|Any CPU
		{AF210419-218D-4828-937C-8D6F0650D545}.Release|Any CPU.Build.0 = Release|Any CPU
		{71BCEC6D-3902-4A01-B703-FD8D40C4DE7D}.Debug|Any CPU.ActiveCfg = Debug|Any CPU
		{71BCEC6D-3902-4A01-B703-FD8D40C4DE7D}.Debug|Any CPU.Build.0 = Debug|Any CPU
		{71BCEC6D-3902-4A01-B703-FD8D40C4DE7D}.Release|Any CPU.ActiveCfg = Release|Any CPU
		{71BCEC6D-3902-4A01-B703-FD8D40C4DE7D}.Release|Any CPU.Build.0 = Release|Any CPU
	EndGlobalSection
	GlobalSection(SolutionProperties) = preSolution
		HideSolutionNode = FALSE
	EndGlobalSection
EndGlobal
